// !$*UTF8*$!
{
	archiveVersion = 1;
	classes = {
	};
	objectVersion = 50;
	objects = {

/* Begin PBXBuildFile section */
		11BE139622508E4000DA1139 /* AppDelegate.swift in Sources */ = {isa = PBXBuildFile; fileRef = 11BE139522508E4000DA1139 /* AppDelegate.swift */; };
		11BE139822508E4000DA1139 /* ViewController.swift in Sources */ = {isa = PBXBuildFile; fileRef = 11BE139722508E4000DA1139 /* ViewController.swift */; };
		11BE139B22508E4000DA1139 /* Main.storyboard in Resources */ = {isa = PBXBuildFile; fileRef = 11BE139922508E4000DA1139 /* Main.storyboard */; };
		11BE139D22508E4100DA1139 /* Assets.xcassets in Resources */ = {isa = PBXBuildFile; fileRef = 11BE139C22508E4100DA1139 /* Assets.xcassets */; };
		11BE13A022508E4100DA1139 /* LaunchScreen.storyboard in Resources */ = {isa = PBXBuildFile; fileRef = 11BE139E22508E4100DA1139 /* LaunchScreen.storyboard */; };
		11BE13AB22508E4100DA1139 /* WordListTests.swift in Sources */ = {isa = PBXBuildFile; fileRef = 11BE13AA22508E4100DA1139 /* WordListTests.swift */; };
		11BE13B622508E4100DA1139 /* WordListUITests.swift in Sources */ = {isa = PBXBuildFile; fileRef = 11BE13B522508E4100DA1139 /* WordListUITests.swift */; };
		11BE13C722508F3F00DA1139 /* word_blank.png in Resources */ = {isa = PBXBuildFile; fileRef = 11BE13C422508F3F00DA1139 /* word_blank.png */; };
		11BE13C822508F3F00DA1139 /* fin.png in Resources */ = {isa = PBXBuildFile; fileRef = 11BE13C522508F3F00DA1139 /* fin.png */; };
		11BE13C922508F3F00DA1139 /* title_logo.png in Resources */ = {isa = PBXBuildFile; fileRef = 11BE13C622508F3F00DA1139 /* title_logo.png */; };
		11BE13CB225092DD00DA1139 /* QuestionViewController.swift in Sources */ = {isa = PBXBuildFile; fileRef = 11BE13CA225092DD00DA1139 /* QuestionViewController.swift */; };
		11BE13CD225092E800DA1139 /* FinishViewController.swift in Sources */ = {isa = PBXBuildFile; fileRef = 11BE13CC225092E800DA1139 /* FinishViewController.swift */; };
		11BE13CF2250930F00DA1139 /* ListTableViewController.swift in Sources */ = {isa = PBXBuildFile; fileRef = 11BE13CE2250930F00DA1139 /* ListTableViewController.swift */; };
		11BE13D12250932700DA1139 /* AddViewController.swift in Sources */ = {isa = PBXBuildFile; fileRef = 11BE13D02250932700DA1139 /* AddViewController.swift */; };
		11BE13DA22509C9100DA1139 /* ListTableViewCell.swift in Sources */ = {isa = PBXBuildFile; fileRef = 11BE13D822509C9100DA1139 /* ListTableViewCell.swift */; };
		11BE13DB22509C9100DA1139 /* ListTableViewCell.xib in Resources */ = {isa = PBXBuildFile; fileRef = 11BE13D922509C9100DA1139 /* ListTableViewCell.xib */; };
/* End PBXBuildFile section */

/* Begin PBXContainerItemProxy section */
		11BE13A722508E4100DA1139 /* PBXContainerItemProxy */ = {
			isa = PBXContainerItemProxy;
			containerPortal = 11BE138A22508E4000DA1139 /* Project object */;
			proxyType = 1;
			remoteGlobalIDString = 11BE139122508E4000DA1139;
			remoteInfo = WordList;
		};
		11BE13B222508E4100DA1139 /* PBXContainerItemProxy */ = {
			isa = PBXContainerItemProxy;
			containerPortal = 11BE138A22508E4000DA1139 /* Project object */;
			proxyType = 1;
			remoteGlobalIDString = 11BE139122508E4000DA1139;
			remoteInfo = WordList;
		};
/* End PBXContainerItemProxy section */

/* Begin PBXFileReference section */
		11BE139222508E4000DA1139 /* WordList.app */ = {isa = PBXFileReference; explicitFileType = wrapper.application; includeInIndex = 0; path = WordList.app; sourceTree = BUILT_PRODUCTS_DIR; };
		11BE139522508E4000DA1139 /* AppDelegate.swift */ = {isa = PBXFileReference; lastKnownFileType = sourcecode.swift; path = AppDelegate.swift; sourceTree = "<group>"; };
		11BE139722508E4000DA1139 /* ViewController.swift */ = {isa = PBXFileReference; lastKnownFileType = sourcecode.swift; path = ViewController.swift; sourceTree = "<group>"; };
		11BE139A22508E4000DA1139 /* Base */ = {isa = PBXFileReference; lastKnownFileType = file.storyboard; name = Base; path = Base.lproj/Main.storyboard; sourceTree = "<group>"; };
		11BE139C22508E4100DA1139 /* Assets.xcassets */ = {isa = PBXFileReference; lastKnownFileType = folder.assetcatalog; path = Assets.xcassets; sourceTree = "<group>"; };
		11BE139F22508E4100DA1139 /* Base */ = {isa = PBXFileReference; lastKnownFileType = file.storyboard; name = Base; path = Base.lproj/LaunchScreen.storyboard; sourceTree = "<group>"; };
		11BE13A122508E4100DA1139 /* Info.plist */ = {isa = PBXFileReference; lastKnownFileType = text.plist.xml; path = Info.plist; sourceTree = "<group>"; };
		11BE13A622508E4100DA1139 /* WordListTests.xctest */ = {isa = PBXFileReference; explicitFileType = wrapper.cfbundle; includeInIndex = 0; path = WordListTests.xctest; sourceTree = BUILT_PRODUCTS_DIR; };
		11BE13AA22508E4100DA1139 /* WordListTests.swift */ = {isa = PBXFileReference; lastKnownFileType = sourcecode.swift; path = WordListTests.swift; sourceTree = "<group>"; };
		11BE13AC22508E4100DA1139 /* Info.plist */ = {isa = PBXFileReference; lastKnownFileType = text.plist.xml; path = Info.plist; sourceTree = "<group>"; };
		11BE13B122508E4100DA1139 /* WordListUITests.xctest */ = {isa = PBXFileReference; explicitFileType = wrapper.cfbundle; includeInIndex = 0; path = WordListUITests.xctest; sourceTree = BUILT_PRODUCTS_DIR; };
		11BE13B522508E4100DA1139 /* WordListUITests.swift */ = {isa = PBXFileReference; lastKnownFileType = sourcecode.swift; path = WordListUITests.swift; sourceTree = "<group>"; };
		11BE13B722508E4100DA1139 /* Info.plist */ = {isa = PBXFileReference; lastKnownFileType = text.plist.xml; path = Info.plist; sourceTree = "<group>"; };
		11BE13C422508F3F00DA1139 /* word_blank.png */ = {isa = PBXFileReference; lastKnownFileType = image.png; path = word_blank.png; sourceTree = "<group>"; };
		11BE13C522508F3F00DA1139 /* fin.png */ = {isa = PBXFileReference; lastKnownFileType = image.png; path = fin.png; sourceTree = "<group>"; };
		11BE13C622508F3F00DA1139 /* title_logo.png */ = {isa = PBXFileReference; lastKnownFileType = image.png; path = title_logo.png; sourceTree = "<group>"; };
		11BE13CA225092DD00DA1139 /* QuestionViewController.swift */ = {isa = PBXFileReference; lastKnownFileType = sourcecode.swift; path = QuestionViewController.swift; sourceTree = "<group>"; };
		11BE13CC225092E800DA1139 /* FinishViewController.swift */ = {isa = PBXFileReference; lastKnownFileType = sourcecode.swift; path = FinishViewController.swift; sourceTree = "<group>"; };
		11BE13CE2250930F00DA1139 /* ListTableViewController.swift */ = {isa = PBXFileReference; lastKnownFileType = sourcecode.swift; path = ListTableViewController.swift; sourceTree = "<group>"; };
		11BE13D02250932700DA1139 /* AddViewController.swift */ = {isa = PBXFileReference; lastKnownFileType = sourcecode.swift; path = AddViewController.swift; sourceTree = "<group>"; };
		11BE13D822509C9100DA1139 /* ListTableViewCell.swift */ = {isa = PBXFileReference; lastKnownFileType = sourcecode.swift; path = ListTableViewCell.swift; sourceTree = "<group>"; };
		11BE13D922509C9100DA1139 /* ListTableViewCell.xib */ = {isa = PBXFileReference; lastKnownFileType = file.xib; path = ListTableViewCell.xib; sourceTree = "<group>"; };
/* End PBXFileReference section */

/* Begin PBXFrameworksBuildPhase section */
		11BE138F22508E4000DA1139 /* Frameworks */ = {
			isa = PBXFrameworksBuildPhase;
			buildActionMask = 2147483647;
			files = (
			);
			runOnlyForDeploymentPostprocessing = 0;
		};
		11BE13A322508E4100DA1139 /* Frameworks */ = {
			isa = PBXFrameworksBuildPhase;
			buildActionMask = 2147483647;
			files = (
			);
			runOnlyForDeploymentPostprocessing = 0;
		};
		11BE13AE22508E4100DA1139 /* Frameworks */ = {
			isa = PBXFrameworksBuildPhase;
			buildActionMask = 2147483647;
			files = (
			);
			runOnlyForDeploymentPostprocessing = 0;
		};
/* End PBXFrameworksBuildPhase section */

/* Begin PBXGroup section */
		11BE138922508E4000DA1139 = {
			isa = PBXGroup;
			children = (
				11BE139422508E4000DA1139 /* WordList */,
				11BE13A922508E4100DA1139 /* WordListTests */,
				11BE13B422508E4100DA1139 /* WordListUITests */,
				11BE139322508E4000DA1139 /* Products */,
			);
			sourceTree = "<group>";
		};
		11BE139322508E4000DA1139 /* Products */ = {
			isa = PBXGroup;
			children = (
				11BE139222508E4000DA1139 /* WordList.app */,
				11BE13A622508E4100DA1139 /* WordListTests.xctest */,
				11BE13B122508E4100DA1139 /* WordListUITests.xctest */,
			);
			name = Products;
			sourceTree = "<group>";
		};
		11BE139422508E4000DA1139 /* WordList */ = {
			isa = PBXGroup;
			children = (
				11BE13C322508F3F00DA1139 /* WordList素材 */,
				11BE139522508E4000DA1139 /* AppDelegate.swift */,
				11BE139722508E4000DA1139 /* ViewController.swift */,
				11BE13CA225092DD00DA1139 /* QuestionViewController.swift */,
				11BE13CC225092E800DA1139 /* FinishViewController.swift */,
				11BE13CE2250930F00DA1139 /* ListTableViewController.swift */,
				11BE13D822509C9100DA1139 /* ListTableViewCell.swift */,
				11BE13D922509C9100DA1139 /* ListTableViewCell.xib */,
				11BE13D02250932700DA1139 /* AddViewController.swift */,
				11BE139922508E4000DA1139 /* Main.storyboard */,
				11BE139C22508E4100DA1139 /* Assets.xcassets */,
				11BE139E22508E4100DA1139 /* LaunchScreen.storyboard */,
				11BE13A122508E4100DA1139 /* Info.plist */,
			);
			path = WordList;
			sourceTree = "<group>";
		};
		11BE13A922508E4100DA1139 /* WordListTests */ = {
			isa = PBXGroup;
			children = (
				11BE13AA22508E4100DA1139 /* WordListTests.swift */,
				11BE13AC22508E4100DA1139 /* Info.plist */,
			);
			path = WordListTests;
			sourceTree = "<group>";
		};
		11BE13B422508E4100DA1139 /* WordListUITests */ = {
			isa = PBXGroup;
			children = (
				11BE13B522508E4100DA1139 /* WordListUITests.swift */,
				11BE13B722508E4100DA1139 /* Info.plist */,
			);
			path = WordListUITests;
			sourceTree = "<group>";
		};
		11BE13C322508F3F00DA1139 /* WordList素材 */ = {
			isa = PBXGroup;
			children = (
				11BE13C422508F3F00DA1139 /* word_blank.png */,
				11BE13C522508F3F00DA1139 /* fin.png */,
				11BE13C622508F3F00DA1139 /* title_logo.png */,
			);
			path = "WordList素材";
			sourceTree = "<group>";
		};
/* End PBXGroup section */

/* Begin PBXNativeTarget section */
		11BE139122508E4000DA1139 /* WordList */ = {
			isa = PBXNativeTarget;
			buildConfigurationList = 11BE13BA22508E4100DA1139 /* Build configuration list for PBXNativeTarget "WordList" */;
			buildPhases = (
				11BE138E22508E4000DA1139 /* Sources */,
				11BE138F22508E4000DA1139 /* Frameworks */,
				11BE139022508E4000DA1139 /* Resources */,
			);
			buildRules = (
			);
			dependencies = (
			);
			name = WordList;
			productName = WordList;
			productReference = 11BE139222508E4000DA1139 /* WordList.app */;
			productType = "com.apple.product-type.application";
		};
		11BE13A522508E4100DA1139 /* WordListTests */ = {
			isa = PBXNativeTarget;
			buildConfigurationList = 11BE13BD22508E4100DA1139 /* Build configuration list for PBXNativeTarget "WordListTests" */;
			buildPhases = (
				11BE13A222508E4100DA1139 /* Sources */,
				11BE13A322508E4100DA1139 /* Frameworks */,
				11BE13A422508E4100DA1139 /* Resources */,
			);
			buildRules = (
			);
			dependencies = (
				11BE13A822508E4100DA1139 /* PBXTargetDependency */,
			);
			name = WordListTests;
			productName = WordListTests;
			productReference = 11BE13A622508E4100DA1139 /* WordListTests.xctest */;
			productType = "com.apple.product-type.bundle.unit-test";
		};
		11BE13B022508E4100DA1139 /* WordListUITests */ = {
			isa = PBXNativeTarget;
			buildConfigurationList = 11BE13C022508E4100DA1139 /* Build configuration list for PBXNativeTarget "WordListUITests" */;
			buildPhases = (
				11BE13AD22508E4100DA1139 /* Sources */,
				11BE13AE22508E4100DA1139 /* Frameworks */,
				11BE13AF22508E4100DA1139 /* Resources */,
			);
			buildRules = (
			);
			dependencies = (
				11BE13B322508E4100DA1139 /* PBXTargetDependency */,
			);
			name = WordListUITests;
			productName = WordListUITests;
			productReference = 11BE13B122508E4100DA1139 /* WordListUITests.xctest */;
			productType = "com.apple.product-type.bundle.ui-testing";
		};
/* End PBXNativeTarget section */

/* Begin PBXProject section */
		11BE138A22508E4000DA1139 /* Project object */ = {
			isa = PBXProject;
			attributes = {
				LastSwiftUpdateCheck = 1010;
				LastUpgradeCheck = 1010;
				ORGANIZATIONNAME = "Sakine Nishibayashi";
				TargetAttributes = {
					11BE139122508E4000DA1139 = {
						CreatedOnToolsVersion = 10.1;
					};
					11BE13A522508E4100DA1139 = {
						CreatedOnToolsVersion = 10.1;
						TestTargetID = 11BE139122508E4000DA1139;
					};
					11BE13B022508E4100DA1139 = {
						CreatedOnToolsVersion = 10.1;
						TestTargetID = 11BE139122508E4000DA1139;
					};
				};
			};
			buildConfigurationList = 11BE138D22508E4000DA1139 /* Build configuration list for PBXProject "WordList" */;
			compatibilityVersion = "Xcode 9.3";
			developmentRegion = en;
			hasScannedForEncodings = 0;
			knownRegions = (
				en,
				Base,
			);
			mainGroup = 11BE138922508E4000DA1139;
			productRefGroup = 11BE139322508E4000DA1139 /* Products */;
			projectDirPath = "";
			projectRoot = "";
			targets = (
				11BE139122508E4000DA1139 /* WordList */,
				11BE13A522508E4100DA1139 /* WordListTests */,
				11BE13B022508E4100DA1139 /* WordListUITests */,
			);
		};
/* End PBXProject section */

/* Begin PBXResourcesBuildPhase section */
		11BE139022508E4000DA1139 /* Resources */ = {
			isa = PBXResourcesBuildPhase;
			buildActionMask = 2147483647;
			files = (
				11BE13C722508F3F00DA1139 /* word_blank.png in Resources */,
				11BE13C922508F3F00DA1139 /* title_logo.png in Resources */,
				11BE13A022508E4100DA1139 /* LaunchScreen.storyboard in Resources */,
				11BE139D22508E4100DA1139 /* Assets.xcassets in Resources */,
				11BE13C822508F3F00DA1139 /* fin.png in Resources */,
				11BE139B22508E4000DA1139 /* Main.storyboard in Resources */,
				11BE13DB22509C9100DA1139 /* ListTableViewCell.xib in Resources */,
			);
			runOnlyForDeploymentPostprocessing = 0;
		};
		11BE13A422508E4100DA1139 /* Resources */ = {
			isa = PBXResourcesBuildPhase;
			buildActionMask = 2147483647;
			files = (
			);
			runOnlyForDeploymentPostprocessing = 0;
		};
		11BE13AF22508E4100DA1139 /* Resources */ = {
			isa = PBXResourcesBuildPhase;
			buildActionMask = 2147483647;
			files = (
			);
			runOnlyForDeploymentPostprocessing = 0;
		};
/* End PBXResourcesBuildPhase section */

/* Begin PBXSourcesBuildPhase section */
		11BE138E22508E4000DA1139 /* Sources */ = {
			isa = PBXSourcesBuildPhase;
			buildActionMask = 2147483647;
			files = (
				11BE13DA22509C9100DA1139 /* ListTableViewCell.swift in Sources */,
				11BE139822508E4000DA1139 /* ViewController.swift in Sources */,
				11BE13CD225092E800DA1139 /* FinishViewController.swift in Sources */,
				11BE13D12250932700DA1139 /* AddViewController.swift in Sources */,
				11BE139622508E4000DA1139 /* AppDelegate.swift in Sources */,
				11BE13CF2250930F00DA1139 /* ListTableViewController.swift in Sources */,
				11BE13CB225092DD00DA1139 /* QuestionViewController.swift in Sources */,
			);
			runOnlyForDeploymentPostprocessing = 0;
		};
		11BE13A222508E4100DA1139 /* Sources */ = {
			isa = PBXSourcesBuildPhase;
			buildActionMask = 2147483647;
			files = (
				11BE13AB22508E4100DA1139 /* WordListTests.swift in Sources */,
			);
			runOnlyForDeploymentPostprocessing = 0;
		};
		11BE13AD22508E4100DA1139 /* Sources */ = {
			isa = PBXSourcesBuildPhase;
			buildActionMask = 2147483647;
			files = (
				11BE13B622508E4100DA1139 /* WordListUITests.swift in Sources */,
			);
			runOnlyForDeploymentPostprocessing = 0;
		};
/* End PBXSourcesBuildPhase section */

/* Begin PBXTargetDependency section */
		11BE13A822508E4100DA1139 /* PBXTargetDependency */ = {
			isa = PBXTargetDependency;
			target = 11BE139122508E4000DA1139 /* WordList */;
			targetProxy = 11BE13A722508E4100DA1139 /* PBXContainerItemProxy */;
		};
		11BE13B322508E4100DA1139 /* PBXTargetDependency */ = {
			isa = PBXTargetDependency;
			target = 11BE139122508E4000DA1139 /* WordList */;
			targetProxy = 11BE13B222508E4100DA1139 /* PBXContainerItemProxy */;
		};
/* End PBXTargetDependency section */

/* Begin PBXVariantGroup section */
		11BE139922508E4000DA1139 /* Main.storyboard */ = {
			isa = PBXVariantGroup;
			children = (
				11BE139A22508E4000DA1139 /* Base */,
			);
			name = Main.storyboard;
			sourceTree = "<group>";
		};
		11BE139E22508E4100DA1139 /* LaunchScreen.storyboard */ = {
			isa = PBXVariantGroup;
			children = (
				11BE139F22508E4100DA1139 /* Base */,
			);
			name = LaunchScreen.storyboard;
			sourceTree = "<group>";
		};
/* End PBXVariantGroup section */

/* Begin XCBuildConfiguration section */
		11BE13B822508E4100DA1139 /* Debug */ = {
			isa = XCBuildConfiguration;
			buildSettings = {
				ALWAYS_SEARCH_USER_PATHS = NO;
				CLANG_ANALYZER_NONNULL = YES;
				CLANG_ANALYZER_NUMBER_OBJECT_CONVERSION = YES_AGGRESSIVE;
				CLANG_CXX_LANGUAGE_STANDARD = "gnu++14";
				CLANG_CXX_LIBRARY = "libc++";
				CLANG_ENABLE_MODULES = YES;
				CLANG_ENABLE_OBJC_ARC = YES;
				CLANG_ENABLE_OBJC_WEAK = YES;
				CLANG_WARN_BLOCK_CAPTURE_AUTORELEASING = YES;
				CLANG_WARN_BOOL_CONVERSION = YES;
				CLANG_WARN_COMMA = YES;
				CLANG_WARN_CONSTANT_CONVERSION = YES;
				CLANG_WARN_DEPRECATED_OBJC_IMPLEMENTATIONS = YES;
				CLANG_WARN_DIRECT_OBJC_ISA_USAGE = YES_ERROR;
				CLANG_WARN_DOCUMENTATION_COMMENTS = YES;
				CLANG_WARN_EMPTY_BODY = YES;
				CLANG_WARN_ENUM_CONVERSION = YES;
				CLANG_WARN_INFINITE_RECURSION = YES;
				CLANG_WARN_INT_CONVERSION = YES;
				CLANG_WARN_NON_LITERAL_NULL_CONVERSION = YES;
				CLANG_WARN_OBJC_IMPLICIT_RETAIN_SELF = YES;
				CLANG_WARN_OBJC_LITERAL_CONVERSION = YES;
				CLANG_WARN_OBJC_ROOT_CLASS = YES_ERROR;
				CLANG_WARN_RANGE_LOOP_ANALYSIS = YES;
				CLANG_WARN_STRICT_PROTOTYPES = YES;
				CLANG_WARN_SUSPICIOUS_MOVE = YES;
				CLANG_WARN_UNGUARDED_AVAILABILITY = YES_AGGRESSIVE;
				CLANG_WARN_UNREACHABLE_CODE = YES;
				CLANG_WARN__DUPLICATE_METHOD_MATCH = YES;
				CODE_SIGN_IDENTITY = "iPhone Developer";
				COPY_PHASE_STRIP = NO;
				DEBUG_INFORMATION_FORMAT = dwarf;
				ENABLE_STRICT_OBJC_MSGSEND = YES;
				ENABLE_TESTABILITY = YES;
				GCC_C_LANGUAGE_STANDARD = gnu11;
				GCC_DYNAMIC_NO_PIC = NO;
				GCC_NO_COMMON_BLOCKS = YES;
				GCC_OPTIMIZATION_LEVEL = 0;
				GCC_PREPROCESSOR_DEFINITIONS = (
					"DEBUG=1",
					"$(inherited)",
				);
				GCC_WARN_64_TO_32_BIT_CONVERSION = YES;
				GCC_WARN_ABOUT_RETURN_TYPE = YES_ERROR;
				GCC_WARN_UNDECLARED_SELECTOR = YES;
				GCC_WARN_UNINITIALIZED_AUTOS = YES_AGGRESSIVE;
				GCC_WARN_UNUSED_FUNCTION = YES;
				GCC_WARN_UNUSED_VARIABLE = YES;
				IPHONEOS_DEPLOYMENT_TARGET = 12.1;
				MTL_ENABLE_DEBUG_INFO = INCLUDE_SOURCE;
				MTL_FAST_MATH = YES;
				ONLY_ACTIVE_ARCH = YES;
				SDKROOT = iphoneos;
				SWIFT_ACTIVE_COMPILATION_CONDITIONS = DEBUG;
				SWIFT_OPTIMIZATION_LEVEL = "-Onone";
			};
			name = Debug;
		};
		11BE13B922508E4100DA1139 /* Release */ = {
			isa = XCBuildConfiguration;
			buildSettings = {
				ALWAYS_SEARCH_USER_PATHS = NO;
				CLANG_ANALYZER_NONNULL = YES;
				CLANG_ANALYZER_NUMBER_OBJECT_CONVERSION = YES_AGGRESSIVE;
				CLANG_CXX_LANGUAGE_STANDARD = "gnu++14";
				CLANG_CXX_LIBRARY = "libc++";
				CLANG_ENABLE_MODULES = YES;
				CLANG_ENABLE_OBJC_ARC = YES;
				CLANG_ENABLE_OBJC_WEAK = YES;
				CLANG_WARN_BLOCK_CAPTURE_AUTORELEASING = YES;
				CLANG_WARN_BOOL_CONVERSION = YES;
				CLANG_WARN_COMMA = YES;
				CLANG_WARN_CONSTANT_CONVERSION = YES;
				CLANG_WARN_DEPRECATED_OBJC_IMPLEMENTATIONS = YES;
				CLANG_WARN_DIRECT_OBJC_ISA_USAGE = YES_ERROR;
				CLANG_WARN_DOCUMENTATION_COMMENTS = YES;
				CLANG_WARN_EMPTY_BODY = YES;
				CLANG_WARN_ENUM_CONVERSION = YES;
				CLANG_WARN_INFINITE_RECURSION = YES;
				CLANG_WARN_INT_CONVERSION = YES;
				CLANG_WARN_NON_LITERAL_NULL_CONVERSION = YES;
				CLANG_WARN_OBJC_IMPLICIT_RETAIN_SELF = YES;
				CLANG_WARN_OBJC_LITERAL_CONVERSION = YES;
				CLANG_WARN_OBJC_ROOT_CLASS = YES_ERROR;
				CLANG_WARN_RANGE_LOOP_ANALYSIS = YES;
				CLANG_WARN_STRICT_PROTOTYPES = YES;
				CLANG_WARN_SUSPICIOUS_MOVE = YES;
				CLANG_WARN_UNGUARDED_AVAILABILITY = YES_AGGRESSIVE;
				CLANG_WARN_UNREACHABLE_CODE = YES;
				CLANG_WARN__DUPLICATE_METHOD_MATCH = YES;
				CODE_SIGN_IDENTITY = "iPhone Developer";
				COPY_PHASE_STRIP = NO;
				DEBUG_INFORMATION_FORMAT = "dwarf-with-dsym";
				ENABLE_NS_ASSERTIONS = NO;
				ENABLE_STRICT_OBJC_MSGSEND = YES;
				GCC_C_LANGUAGE_STANDARD = gnu11;
				GCC_NO_COMMON_BLOCKS = YES;
				GCC_WARN_64_TO_32_BIT_CONVERSION = YES;
				GCC_WARN_ABOUT_RETURN_TYPE = YES_ERROR;
				GCC_WARN_UNDECLARED_SELECTOR = YES;
				GCC_WARN_UNINITIALIZED_AUTOS = YES_AGGRESSIVE;
				GCC_WARN_UNUSED_FUNCTION = YES;
				GCC_WARN_UNUSED_VARIABLE = YES;
				IPHONEOS_DEPLOYMENT_TARGET = 12.1;
				MTL_ENABLE_DEBUG_INFO = NO;
				MTL_FAST_MATH = YES;
				SDKROOT = iphoneos;
				SWIFT_COMPILATION_MODE = wholemodule;
				SWIFT_OPTIMIZATION_LEVEL = "-O";
				VALIDATE_PRODUCT = YES;
			};
			name = Release;
		};
		11BE13BB22508E4100DA1139 /* Debug */ = {
			isa = XCBuildConfiguration;
			buildSettings = {
				ASSETCATALOG_COMPILER_APPICON_NAME = AppIcon;
				CODE_SIGN_STYLE = Automatic;
				DEVELOPMENT_TEAM = 6753PY9LZ8;
				INFOPLIST_FILE = WordList/Info.plist;
				LD_RUNPATH_SEARCH_PATHS = (
					"$(inherited)",
					"@executable_path/Frameworks",
				);
				PRODUCT_BUNDLE_IDENTIFIER = sakine.WordList;
				PRODUCT_NAME = "$(TARGET_NAME)";
				SWIFT_VERSION = 4.2;
				TARGETED_DEVICE_FAMILY = "1,2";
			};
			name = Debug;
		};
		11BE13BC22508E4100DA1139 /* Release */ = {
			isa = XCBuildConfiguration;
			buildSettings = {
				ASSETCATALOG_COMPILER_APPICON_NAME = AppIcon;
				CODE_SIGN_STYLE = Automatic;
				DEVELOPMENT_TEAM = 6753PY9LZ8;
				INFOPLIST_FILE = WordList/Info.plist;
				LD_RUNPATH_SEARCH_PATHS = (
					"$(inherited)",
					"@executable_path/Frameworks",
				);
				PRODUCT_BUNDLE_IDENTIFIER = sakine.WordList;
				PRODUCT_NAME = "$(TARGET_NAME)";
				SWIFT_VERSION = 4.2;
				TARGETED_DEVICE_FAMILY = "1,2";
			};
			name = Release;
		};
		11BE13BE22508E4100DA1139 /* Debug */ = {
			isa = XCBuildConfiguration;
			buildSettings = {
				ALWAYS_EMBED_SWIFT_STANDARD_LIBRARIES = YES;
				BUNDLE_LOADER = "$(TEST_HOST)";
				CODE_SIGN_STYLE = Automatic;
				DEVELOPMENT_TEAM = W2T75EV2YE;
				INFOPLIST_FILE = WordListTests/Info.plist;
				LD_RUNPATH_SEARCH_PATHS = (
					"$(inherited)",
					"@executable_path/Frameworks",
					"@loader_path/Frameworks",
				);
				PRODUCT_BUNDLE_IDENTIFIER = sakine.WordListTests;
				PRODUCT_NAME = "$(TARGET_NAME)";
				SWIFT_VERSION = 4.2;
				TARGETED_DEVICE_FAMILY = "1,2";
				TEST_HOST = "$(BUILT_PRODUCTS_DIR)/WordList.app/WordList";
			};
			name = Debug;
		};
		11BE13BF22508E4100DA1139 /* Release */ = {
			isa = XCBuildConfiguration;
			buildSettings = {
				ALWAYS_EMBED_SWIFT_STANDARD_LIBRARIES = YES;
				BUNDLE_LOADER = "$(TEST_HOST)";
				CODE_SIGN_STYLE = Automatic;
				DEVELOPMENT_TEAM = W2T75EV2YE;
				INFOPLIST_FILE = WordListTests/Info.plist;
				LD_RUNPATH_SEARCH_PATHS = (
					"$(inherited)",
					"@executable_path/Frameworks",
					"@loader_path/Frameworks",
				);
				PRODUCT_BUNDLE_IDENTIFIER = sakine.WordListTests;
				PRODUCT_NAME = "$(TARGET_NAME)";
				SWIFT_VERSION = 4.2;
				TARGETED_DEVICE_FAMILY = "1,2";
				TEST_HOST = "$(BUILT_PRODUCTS_DIR)/WordList.app/WordList";
			};
			name = Release;
		};
		11BE13C122508E4100DA1139 /* Debug */ = {
			isa = XCBuildConfiguration;
			buildSettings = {
				ALWAYS_EMBED_SWIFT_STANDARD_LIBRARIES = YES;
				CODE_SIGN_STYLE = Automatic;
				DEVELOPMENT_TEAM = W2T75EV2YE;
				INFOPLIST_FILE = WordListUITests/Info.plist;
				LD_RUNPATH_SEARCH_PATHS = (
					"$(inherited)",
					"@executable_path/Frameworks",
					"@loader_path/Frameworks",
				);
				PRODUCT_BUNDLE_IDENTIFIER = sakine.WordListUITests;
				PRODUCT_NAME = "$(TARGET_NAME)";
				SWIFT_VERSION = 4.2;
				TARGETED_DEVICE_FAMILY = "1,2";
				TEST_TARGET_NAME = WordList;
			};
			name = Debug;
		};
		11BE13C222508E4100DA1139 /* Release */ = {
			isa = XCBuildConfiguration;
			buildSettings = {
				ALWAYS_EMBED_SWIFT_STANDARD_LIBRARIES = YES;
				CODE_SIGN_STYLE = Automatic;
				DEVELOPMENT_TEAM = W2T75EV2YE;
				INFOPLIST_FILE = WordListUITests/Info.plist;
				LD_RUNPATH_SEARCH_PATHS = (
					"$(inherited)",
					"@executable_path/Frameworks",
					"@loader_path/Frameworks",
				);
				PRODUCT_BUNDLE_IDENTIFIER = sakine.WordListUITests;
				PRODUCT_NAME = "$(TARGET_NAME)";
				SWIFT_VERSION = 4.2;
				TARGETED_DEVICE_FAMILY = "1,2";
				TEST_TARGET_NAME = WordList;
			};
			name = Release;
		};
/* End XCBuildConfiguration section */

/* Begin XCConfigurationList section */
		11BE138D22508E4000DA1139 /* Build configuration list for PBXProject "WordList" */ = {
			isa = XCConfigurationList;
			buildConfigurations = (
				11BE13B822508E4100DA1139 /* Debug */,
				11BE13B922508E4100DA1139 /* Release */,
			);
			defaultConfigurationIsVisible = 0;
			defaultConfigurationName = Release;
		};
		11BE13BA22508E4100DA1139 /* Build configuration list for PBXNativeTarget "WordList" */ = {
			isa = XCConfigurationList;
			buildConfigurations = (
				11BE13BB22508E4100DA1139 /* Debug */,
				11BE13BC22508E4100DA1139 /* Release */,
			);
			defaultConfigurationIsVisible = 0;
			defaultConfigurationName = Release;
		};
		11BE13BD22508E4100DA1139 /* Build configuration list for PBXNativeTarget "WordListTests" */ = {
			isa = XCConfigurationList;
			buildConfigurations = (
				11BE13BE22508E4100DA1139 /* Debug */,
				11BE13BF22508E4100DA1139 /* Release */,
			);
			defaultConfigurationIsVisible = 0;
			defaultConfigurationName = Release;
		};
		11BE13C022508E4100DA1139 /* Build configuration list for PBXNativeTarget "WordListUITests" */ = {
			isa = XCConfigurationList;
			buildConfigurations = (
				11BE13C122508E4100DA1139 /* Debug */,
				11BE13C222508E4100DA1139 /* Release */,
			);
			defaultConfigurationIsVisible = 0;
			defaultConfigurationName = Release;
		};
/* End XCConfigurationList section */
	};
	rootObject = 11BE138A22508E4000DA1139 /* Project object */;
}
